
Microsoft Visual Studio Solution File, Format Version 12.00
# Visual Studio Version 16
VisualStudioVersion = 16.0.29519.87
MinimumVisualStudioVersion = 10.0.40219.1
Project("{FAE04EC0-301F-11D3-BF4B-00C04F79EFBC}") = "StudentManagement", "ScoreManagement\StudentManagement.csproj", "{40C4557D-437E-422C-B68E-92D3AFA7A06B}"
EndProject
Global
	GlobalSection(SolutionConfigurationPlatforms) = preSolution
		Debug|Any CPU = Debug|Any CPU
		Release|Any CPU = Release|Any CPU
	EndGlobalSection
	GlobalSection(ProjectConfigurationPlatforms) = postSolution
		{40C4557D-437E-422C-B68E-92D3AFA7A06B}.Debug|Any CPU.ActiveCfg = Debug|Any CPU
		{40C4557D-437E-422C-B68E-92D3AFA7A06B}.Debug|Any CPU.Build.0 = Debug|Any CPU
		{40C4557D-437E-422C-B68E-92D3AFA7A06B}.Release|Any CPU.ActiveCfg = Release|Any CPU
		{40C4557D-437E-422C-B68E-92D3AFA7A06B}.Release|Any CPU.Build.0 = Release|Any CPU
	EndGlobalSection
	GlobalSection(SolutionProperties) = preSolution
		HideSolutionNode = FALSE
	EndGlobalSection
	GlobalSection(ExtensibilityGlobals) = postSolution
		SolutionGuid = {D6F6AE7D-1F86-4143-9508-8607522FBFE5}
	EndGlobalSection
EndGlobal
